
Microsoft Visual Studio Solution File, Format Version 12.00
# Visual Studio 14
VisualStudioVersion = 14.0.25420.1
MinimumVisualStudioVersion = 10.0.40219.1
Project("{FAE04EC0-301F-11D3-BF4B-00C04F79EFBC}") = "AtomicMapEditorApp", "AtomicMapEditor\AtomicMapEditorApp.csproj", "{C0A08449-4750-4CF5-A66F-C12D6948678E}"
EndProject
Project("{2150E333-8FDC-42A3-9474-1A3956D46DE8}") = "Ame.Common", "Ame.Common", "{F8EA4AED-188B-4439-ACD1-9C3E6EE81112}"
EndProject
Project("{2150E333-8FDC-42A3-9474-1A3956D46DE8}") = "Ame.UnitTests", "Ame.UnitTests", "{905A50A7-306B-4A55-A6D5-4EA51A7585C8}"
EndProject
Project("{2150E333-8FDC-42A3-9474-1A3956D46DE8}") = "Ame.Modules", "Ame.Modules", "{25A04702-6B3E-45B8-8707-835FFD9227EF}"
EndProject
Project("{FAE04EC0-301F-11D3-BF4B-00C04F79EFBC}") = "Ame.Infrastructure", "AtomicMapEditor.Infrastructure\Ame.Infrastructure.csproj", "{9D27D8DC-5CD8-46D9-B702-EFEB6D66F236}"
EndProject
Project("{FAE04EC0-301F-11D3-BF4B-00C04F79EFBC}") = "Ame.Modules.MapEditor", "AtomicMapEditor.Modules.MapEditor\Ame.Modules.MapEditor.csproj", "{B0CAEBFF-8493-4D50-85F0-5A2D48396359}"
EndProject
Project("{FAE04EC0-301F-11D3-BF4B-00C04F79EFBC}") = "Ame.Modules.Windows", "AtomicMapEditor.Modules.Docks\Ame.Modules.Windows.csproj", "{47031565-69B8-4C7B-8077-B2FC0D9966D1}"
EndProject
Project("{FAE04EC0-301F-11D3-BF4B-00C04F79EFBC}") = "Ame.Components", "AtomicMapEditor.Components\Ame.Components.csproj", "{AE7E3265-B5CF-464A-80B2-415FF1CF9C6C}"
EndProject
Project("{FAE04EC0-301F-11D3-BF4B-00C04F79EFBC}") = "Ame.Modules.Menu", "AtomicMapEditor.Modules.Menu\Ame.Modules.Menu.csproj", "{8CBB4913-30EE-404D-AF70-7ED0F565CB63}"
EndProject
Project("{FAE04EC0-301F-11D3-BF4B-00C04F79EFBC}") = "Ame.Resources", "AtomicMapEditor.Resources\Ame.Resources.csproj", "{CBCD8C26-E73D-4C60-829C-F573EDF4CCEB}"
EndProject
Global
	GlobalSection(SolutionConfigurationPlatforms) = preSolution
		Debug|Any CPU = Debug|Any CPU
		Release|Any CPU = Release|Any CPU
	EndGlobalSection
	GlobalSection(ProjectConfigurationPlatforms) = postSolution
		{C0A08449-4750-4CF5-A66F-C12D6948678E}.Debug|Any CPU.ActiveCfg = Debug|Any CPU
		{C0A08449-4750-4CF5-A66F-C12D6948678E}.Debug|Any CPU.Build.0 = Debug|Any CPU
		{C0A08449-4750-4CF5-A66F-C12D6948678E}.Release|Any CPU.ActiveCfg = Release|Any CPU
		{C0A08449-4750-4CF5-A66F-C12D6948678E}.Release|Any CPU.Build.0 = Release|Any CPU
		{9D27D8DC-5CD8-46D9-B702-EFEB6D66F236}.Debug|Any CPU.ActiveCfg = Debug|Any CPU
		{9D27D8DC-5CD8-46D9-B702-EFEB6D66F236}.Debug|Any CPU.Build.0 = Debug|Any CPU
		{9D27D8DC-5CD8-46D9-B702-EFEB6D66F236}.Release|Any CPU.ActiveCfg = Release|Any CPU
		{9D27D8DC-5CD8-46D9-B702-EFEB6D66F236}.Release|Any CPU.Build.0 = Release|Any CPU
		{B0CAEBFF-8493-4D50-85F0-5A2D48396359}.Debug|Any CPU.ActiveCfg = Debug|Any CPU
		{B0CAEBFF-8493-4D50-85F0-5A2D48396359}.Debug|Any CPU.Build.0 = Debug|Any CPU
		{B0CAEBFF-8493-4D50-85F0-5A2D48396359}.Release|Any CPU.ActiveCfg = Release|Any CPU
		{B0CAEBFF-8493-4D50-85F0-5A2D48396359}.Release|Any CPU.Build.0 = Release|Any CPU
		{47031565-69B8-4C7B-8077-B2FC0D9966D1}.Debug|Any CPU.ActiveCfg = Debug|Any CPU
		{47031565-69B8-4C7B-8077-B2FC0D9966D1}.Debug|Any CPU.Build.0 = Debug|Any CPU
		{47031565-69B8-4C7B-8077-B2FC0D9966D1}.Release|Any CPU.ActiveCfg = Release|Any CPU
		{47031565-69B8-4C7B-8077-B2FC0D9966D1}.Release|Any CPU.Build.0 = Release|Any CPU
		{AE7E3265-B5CF-464A-80B2-415FF1CF9C6C}.Debug|Any CPU.ActiveCfg = Debug|Any CPU
		{AE7E3265-B5CF-464A-80B2-415FF1CF9C6C}.Debug|Any CPU.Build.0 = Debug|Any CPU
		{AE7E3265-B5CF-464A-80B2-415FF1CF9C6C}.Release|Any CPU.ActiveCfg = Release|Any CPU
		{AE7E3265-B5CF-464A-80B2-415FF1CF9C6C}.Release|Any CPU.Build.0 = Release|Any CPU
		{8CBB4913-30EE-404D-AF70-7ED0F565CB63}.Debug|Any CPU.ActiveCfg = Debug|Any CPU
		{8CBB4913-30EE-404D-AF70-7ED0F565CB63}.Debug|Any CPU.Build.0 = Debug|Any CPU
		{8CBB4913-30EE-404D-AF70-7ED0F565CB63}.Release|Any CPU.ActiveCfg = Release|Any CPU
		{8CBB4913-30EE-404D-AF70-7ED0F565CB63}.Release|Any CPU.Build.0 = Release|Any CPU
		{CBCD8C26-E73D-4C60-829C-F573EDF4CCEB}.Debug|Any CPU.ActiveCfg = Debug|Any CPU
		{CBCD8C26-E73D-4C60-829C-F573EDF4CCEB}.Debug|Any CPU.Build.0 = Debug|Any CPU
		{CBCD8C26-E73D-4C60-829C-F573EDF4CCEB}.Release|Any CPU.ActiveCfg = Release|Any CPU
		{CBCD8C26-E73D-4C60-829C-F573EDF4CCEB}.Release|Any CPU.Build.0 = Release|Any CPU
	EndGlobalSection
	GlobalSection(SolutionProperties) = preSolution
		HideSolutionNode = FALSE
	EndGlobalSection
	GlobalSection(NestedProjects) = preSolution
		{9D27D8DC-5CD8-46D9-B702-EFEB6D66F236} = {F8EA4AED-188B-4439-ACD1-9C3E6EE81112}
		{B0CAEBFF-8493-4D50-85F0-5A2D48396359} = {25A04702-6B3E-45B8-8707-835FFD9227EF}
		{47031565-69B8-4C7B-8077-B2FC0D9966D1} = {25A04702-6B3E-45B8-8707-835FFD9227EF}
		{AE7E3265-B5CF-464A-80B2-415FF1CF9C6C} = {F8EA4AED-188B-4439-ACD1-9C3E6EE81112}
		{8CBB4913-30EE-404D-AF70-7ED0F565CB63} = {25A04702-6B3E-45B8-8707-835FFD9227EF}
		{CBCD8C26-E73D-4C60-829C-F573EDF4CCEB} = {F8EA4AED-188B-4439-ACD1-9C3E6EE81112}
	EndGlobalSection
EndGlobal
